
Microsoft Visual Studio Solution File, Format Version 12.00
# Visual Studio 15
VisualStudioVersion = 15.0.28307.271
MinimumVisualStudioVersion = 10.0.40219.1
Project("{FAE04EC0-301F-11D3-BF4B-00C04F79EFBC}") = "Problem1", "Problem1\Problem1.csproj", "{A8BAFE99-0B53-4797-AFAB-9A866E9A7139}"
EndProject
Project("{FAE04EC0-301F-11D3-BF4B-00C04F79EFBC}") = "Problem2", "Problem2\Problem2.csproj", "{700B9C8D-321C-49D9-A3F3-48F9050B49D1}"
EndProject
Global
	GlobalSection(SolutionConfigurationPlatforms) = preSolution
		Debug|Any CPU = Debug|Any CPU
		Release|Any CPU = Release|Any CPU
	EndGlobalSection
	GlobalSection(ProjectConfigurationPlatforms) = postSolution
		{A8BAFE99-0B53-4797-AFAB-9A866E9A7139}.Debug|Any CPU.ActiveCfg = Debug|Any CPU
		{A8BAFE99-0B53-4797-AFAB-9A866E9A7139}.Debug|Any CPU.Build.0 = Debug|Any CPU
		{A8BAFE99-0B53-4797-AFAB-9A866E9A7139}.Release|Any CPU.ActiveCfg = Release|Any CPU
		{A8BAFE99-0B53-4797-AFAB-9A866E9A7139}.Release|Any CPU.Build.0 = Release|Any CPU
		{700B9C8D-321C-49D9-A3F3-48F9050B49D1}.Debug|Any CPU.ActiveCfg = Debug|Any CPU
		{700B9C8D-321C-49D9-A3F3-48F9050B49D1}.Debug|Any CPU.Build.0 = Debug|Any CPU
		{700B9C8D-321C-49D9-A3F3-48F9050B49D1}.Release|Any CPU.ActiveCfg = Release|Any CPU
		{700B9C8D-321C-49D9-A3F3-48F9050B49D1}.Release|Any CPU.Build.0 = Release|Any CPU
	EndGlobalSection
	GlobalSection(SolutionProperties) = preSolution
		HideSolutionNode = FALSE
	EndGlobalSection
	GlobalSection(ExtensibilityGlobals) = postSolution
		SolutionGuid = {21DE0321-A43E-4670-B273-C0BACAD1CC5D}
	EndGlobalSection
EndGlobal
