
Microsoft Visual Studio Solution File, Format Version 12.00
# Visual Studio 15
VisualStudioVersion = 15.0.28307.271
MinimumVisualStudioVersion = 10.0.40219.1
Project("{FAE04EC0-301F-11D3-BF4B-00C04F79EFBC}") = "Chapter4", "Chapter4\Chapter4.csproj", "{658ADF22-130A-472E-B0F5-6429F9B7392B}"
EndProject
Global
	GlobalSection(SolutionConfigurationPlatforms) = preSolution
		Debug|Any CPU = Debug|Any CPU
		Release|Any CPU = Release|Any CPU
	EndGlobalSection
	GlobalSection(ProjectConfigurationPlatforms) = postSolution
		{658ADF22-130A-472E-B0F5-6429F9B7392B}.Debug|Any CPU.ActiveCfg = Debug|Any CPU
		{658ADF22-130A-472E-B0F5-6429F9B7392B}.Debug|Any CPU.Build.0 = Debug|Any CPU
		{658ADF22-130A-472E-B0F5-6429F9B7392B}.Release|Any CPU.ActiveCfg = Release|Any CPU
		{658ADF22-130A-472E-B0F5-6429F9B7392B}.Release|Any CPU.Build.0 = Release|Any CPU
	EndGlobalSection
	GlobalSection(SolutionProperties) = preSolution
		HideSolutionNode = FALSE
	EndGlobalSection
	GlobalSection(ExtensibilityGlobals) = postSolution
		SolutionGuid = {757828EB-48AF-498C-92D6-D0AC691C97A2}
	EndGlobalSection
EndGlobal
