
Microsoft Visual Studio Solution File, Format Version 12.00
# Visual Studio 15
VisualStudioVersion = 15.0.28307.271
MinimumVisualStudioVersion = 10.0.40219.1
Project("{FAE04EC0-301F-11D3-BF4B-00C04F79EFBC}") = "Chapter2", "Chapter2\Chapter2.csproj", "{34BA8DFF-197D-467D-8E96-02C1FD71C263}"
EndProject
Global
	GlobalSection(SolutionConfigurationPlatforms) = preSolution
		Debug|Any CPU = Debug|Any CPU
		Release|Any CPU = Release|Any CPU
	EndGlobalSection
	GlobalSection(ProjectConfigurationPlatforms) = postSolution
		{34BA8DFF-197D-467D-8E96-02C1FD71C263}.Debug|Any CPU.ActiveCfg = Debug|Any CPU
		{34BA8DFF-197D-467D-8E96-02C1FD71C263}.Debug|Any CPU.Build.0 = Debug|Any CPU
		{34BA8DFF-197D-467D-8E96-02C1FD71C263}.Release|Any CPU.ActiveCfg = Release|Any CPU
		{34BA8DFF-197D-467D-8E96-02C1FD71C263}.Release|Any CPU.Build.0 = Release|Any CPU
	EndGlobalSection
	GlobalSection(SolutionProperties) = preSolution
		HideSolutionNode = FALSE
	EndGlobalSection
	GlobalSection(ExtensibilityGlobals) = postSolution
		SolutionGuid = {844E1228-6265-4BD0-B9A3-FC4B2E18AC3D}
	EndGlobalSection
EndGlobal
