
Microsoft Visual Studio Solution File, Format Version 12.00
# Visual Studio 15
VisualStudioVersion = 15.0.28307.271
MinimumVisualStudioVersion = 10.0.40219.1
Project("{9A19103F-16F7-4668-BE54-9A1E7A4F7556}") = "Problem1", "Problem1\Problem1.csproj", "{BEC884D9-1E5C-4D07-85BD-CE9E1C432D90}"
EndProject
Project("{FAE04EC0-301F-11D3-BF4B-00C04F79EFBC}") = "Problem2", "Problem2\Problem2.csproj", "{DD1250B3-AA58-47C5-B090-8D09FB4D2FDB}"
EndProject
Project("{FAE04EC0-301F-11D3-BF4B-00C04F79EFBC}") = "Problem3", "Problem3\Problem3.csproj", "{75D0488D-0995-409E-978D-B1692C9CB055}"
EndProject
Project("{FAE04EC0-301F-11D3-BF4B-00C04F79EFBC}") = "Problem4", "Problem4\Problem4.csproj", "{69444E13-981F-4C96-ACB0-E2C9D1B9EE36}"
EndProject
Global
	GlobalSection(SolutionConfigurationPlatforms) = preSolution
		Debug|Any CPU = Debug|Any CPU
		Release|Any CPU = Release|Any CPU
	EndGlobalSection
	GlobalSection(ProjectConfigurationPlatforms) = postSolution
		{BEC884D9-1E5C-4D07-85BD-CE9E1C432D90}.Debug|Any CPU.ActiveCfg = Debug|Any CPU
		{BEC884D9-1E5C-4D07-85BD-CE9E1C432D90}.Debug|Any CPU.Build.0 = Debug|Any CPU
		{BEC884D9-1E5C-4D07-85BD-CE9E1C432D90}.Release|Any CPU.ActiveCfg = Release|Any CPU
		{BEC884D9-1E5C-4D07-85BD-CE9E1C432D90}.Release|Any CPU.Build.0 = Release|Any CPU
		{DD1250B3-AA58-47C5-B090-8D09FB4D2FDB}.Debug|Any CPU.ActiveCfg = Debug|Any CPU
		{DD1250B3-AA58-47C5-B090-8D09FB4D2FDB}.Debug|Any CPU.Build.0 = Debug|Any CPU
		{DD1250B3-AA58-47C5-B090-8D09FB4D2FDB}.Release|Any CPU.ActiveCfg = Release|Any CPU
		{DD1250B3-AA58-47C5-B090-8D09FB4D2FDB}.Release|Any CPU.Build.0 = Release|Any CPU
		{75D0488D-0995-409E-978D-B1692C9CB055}.Debug|Any CPU.ActiveCfg = Debug|Any CPU
		{75D0488D-0995-409E-978D-B1692C9CB055}.Debug|Any CPU.Build.0 = Debug|Any CPU
		{75D0488D-0995-409E-978D-B1692C9CB055}.Release|Any CPU.ActiveCfg = Release|Any CPU
		{75D0488D-0995-409E-978D-B1692C9CB055}.Release|Any CPU.Build.0 = Release|Any CPU
		{69444E13-981F-4C96-ACB0-E2C9D1B9EE36}.Debug|Any CPU.ActiveCfg = Debug|Any CPU
		{69444E13-981F-4C96-ACB0-E2C9D1B9EE36}.Debug|Any CPU.Build.0 = Debug|Any CPU
		{69444E13-981F-4C96-ACB0-E2C9D1B9EE36}.Release|Any CPU.ActiveCfg = Release|Any CPU
		{69444E13-981F-4C96-ACB0-E2C9D1B9EE36}.Release|Any CPU.Build.0 = Release|Any CPU
	EndGlobalSection
	GlobalSection(SolutionProperties) = preSolution
		HideSolutionNode = FALSE
	EndGlobalSection
	GlobalSection(ExtensibilityGlobals) = postSolution
		SolutionGuid = {49786D39-22BD-4B58-8063-30A1E7D01185}
	EndGlobalSection
EndGlobal
